// !$*UTF8*$!
{
	archiveVersion = 1;
	classes = {
	};
	objectVersion = 77;
	objects = {

/* Begin PBXBuildFile section */
		AABB00012F538CD300FC8C7E /* Sparkle in Frameworks */ = {isa = PBXBuildFile; productRef = AABB00022F538CD300FC8C7E /* Sparkle */; };
		AABB00102F53AA0000FC8C7E /* Sparkle in Frameworks */ = {isa = PBXBuildFile; productRef = AABB00022F538CD300FC8C7E /* Sparkle */; };
		DD35CF162F538CD300FC8C7E /* WidgetKit.framework in Frameworks */ = {isa = PBXBuildFile; fileRef = DD35CF152F538CD200FC8C7E /* WidgetKit.framework */; };
		DD35CF182F538CD300FC8C7E /* SwiftUI.framework in Frameworks */ = {isa = PBXBuildFile; fileRef = DD35CF172F538CD300FC8C7E /* SwiftUI.framework */; };
		DD35CF252F538CD400FC8C7E /* aizenWidgetExtension.appex in Embed Foundation Extensions */ = {isa = PBXBuildFile; fileRef = DD35CF132F538CD200FC8C7E /* aizenWidgetExtension.appex */; settings = {ATTRIBUTES = (RemoveHeadersOnCopy, ); }; };
/* End PBXBuildFile section */

/* Begin PBXContainerItemProxy section */
		AABB00112F53AA1000FC8C7E /* PBXContainerItemProxy */ = {
			isa = PBXContainerItemProxy;
			containerPortal = DD35CEA32F537F9700FC8C7E /* Project object */;
			proxyType = 1;
			remoteGlobalIDString = DD35CEAA2F537F9700FC8C7E;
			remoteInfo = aizen;
		};
		DD35CF232F538CD400FC8C7E /* PBXContainerItemProxy */ = {
			isa = PBXContainerItemProxy;
			containerPortal = DD35CEA32F537F9700FC8C7E /* Project object */;
			proxyType = 1;
			remoteGlobalIDString = DD35CF122F538CD200FC8C7E;
			remoteInfo = aizenWidgetExtension;
		};
/* End PBXContainerItemProxy section */

/* Begin PBXCopyFilesBuildPhase section */
		DD35CF2A2F538CD400FC8C7E /* Embed Foundation Extensions */ = {
			isa = PBXCopyFilesBuildPhase;
			buildActionMask = 2147483647;
			dstPath = "";
			dstSubfolderSpec = 13;
			files = (
				DD35CF252F538CD400FC8C7E /* aizenWidgetExtension.appex in Embed Foundation Extensions */,
			);
			name = "Embed Foundation Extensions";
			runOnlyForDeploymentPostprocessing = 0;
		};
/* End PBXCopyFilesBuildPhase section */

/* Begin PBXFileReference section */
		AABB00202F53AA2000FC8C7E /* aizenTests.xctest */ = {isa = PBXFileReference; explicitFileType = wrapper.cfbundle; includeInIndex = 0; path = aizenTests.xctest; sourceTree = BUILT_PRODUCTS_DIR; };
		DD35CEAB2F537F9700FC8C7E /* aizen.app */ = {isa = PBXFileReference; explicitFileType = wrapper.application; includeInIndex = 0; path = aizen.app; sourceTree = BUILT_PRODUCTS_DIR; };
		DD35CF132F538CD200FC8C7E /* aizenWidgetExtension.appex */ = {isa = PBXFileReference; explicitFileType = "wrapper.app-extension"; includeInIndex = 0; path = aizenWidgetExtension.appex; sourceTree = BUILT_PRODUCTS_DIR; };
		DD35CF152F538CD200FC8C7E /* WidgetKit.framework */ = {isa = PBXFileReference; lastKnownFileType = wrapper.framework; name = WidgetKit.framework; path = System/Library/Frameworks/WidgetKit.framework; sourceTree = SDKROOT; };
		DD35CF172F538CD300FC8C7E /* SwiftUI.framework */ = {isa = PBXFileReference; lastKnownFileType = wrapper.framework; name = SwiftUI.framework; path = System/Library/Frameworks/SwiftUI.framework; sourceTree = SDKROOT; };
/* End PBXFileReference section */

/* Begin PBXFileSystemSynchronizedBuildFileExceptionSet section */
		DD35CF262F538CD400FC8C7E /* Exceptions for "aizenWidget" folder in "aizenWidgetExtension" target */ = {
			isa = PBXFileSystemSynchronizedBuildFileExceptionSet;
			membershipExceptions = (
				Info.plist,
			);
			target = DD35CF122F538CD200FC8C7E /* aizenWidgetExtension */;
		};
/* End PBXFileSystemSynchronizedBuildFileExceptionSet section */

/* Begin PBXFileSystemSynchronizedRootGroup section */
		AABB00212F53AA3000FC8C7E /* aizenTests */ = {
			isa = PBXFileSystemSynchronizedRootGroup;
			path = aizenTests;
			sourceTree = "<group>";
		};
		DD35CEAD2F537F9700FC8C7E /* aizen */ = {
			isa = PBXFileSystemSynchronizedRootGroup;
			path = aizen;
			sourceTree = "<group>";
		};
		DD35CF192F538CD300FC8C7E /* aizenWidget */ = {
			isa = PBXFileSystemSynchronizedRootGroup;
			exceptions = (
				DD35CF262F538CD400FC8C7E /* Exceptions for "aizenWidget" folder in "aizenWidgetExtension" target */,
			);
			path = aizenWidget;
			sourceTree = "<group>";
		};
/* End PBXFileSystemSynchronizedRootGroup section */

/* Begin PBXFrameworksBuildPhase section */
		AABB00222F53AA4000FC8C7E /* Frameworks */ = {
			isa = PBXFrameworksBuildPhase;
			buildActionMask = 2147483647;
			files = (
				AABB00102F53AA0000FC8C7E /* Sparkle in Frameworks */,
			);
			runOnlyForDeploymentPostprocessing = 0;
		};
		DD35CEA82F537F9700FC8C7E /* Frameworks */ = {
			isa = PBXFrameworksBuildPhase;
			buildActionMask = 2147483647;
			files = (
				AABB00012F538CD300FC8C7E /* Sparkle in Frameworks */,
			);
			runOnlyForDeploymentPostprocessing = 0;
		};
		DD35CF102F538CD200FC8C7E /* Frameworks */ = {
			isa = PBXFrameworksBuildPhase;
			buildActionMask = 2147483647;
			files = (
				DD35CF182F538CD300FC8C7E /* SwiftUI.framework in Frameworks */,
				DD35CF162F538CD300FC8C7E /* WidgetKit.framework in Frameworks */,
			);
			runOnlyForDeploymentPostprocessing = 0;
		};
/* End PBXFrameworksBuildPhase section */

/* Begin PBXGroup section */
		DD35CEA22F537F9700FC8C7E = {
			isa = PBXGroup;
			children = (
				DD35CEAD2F537F9700FC8C7E /* aizen */,
				DD35CF192F538CD300FC8C7E /* aizenWidget */,
				AABB00212F53AA3000FC8C7E /* aizenTests */,
				DD35CF142F538CD200FC8C7E /* Frameworks */,
				DD35CEAC2F537F9700FC8C7E /* Products */,
			);
			sourceTree = "<group>";
		};
		DD35CEAC2F537F9700FC8C7E /* Products */ = {
			isa = PBXGroup;
			children = (
				DD35CEAB2F537F9700FC8C7E /* aizen.app */,
				DD35CF132F538CD200FC8C7E /* aizenWidgetExtension.appex */,
				AABB00202F53AA2000FC8C7E /* aizenTests.xctest */,
			);
			name = Products;
			sourceTree = "<group>";
		};
		DD35CF142F538CD200FC8C7E /* Frameworks */ = {
			isa = PBXGroup;
			children = (
				DD35CF152F538CD200FC8C7E /* WidgetKit.framework */,
				DD35CF172F538CD300FC8C7E /* SwiftUI.framework */,
			);
			name = Frameworks;
			sourceTree = "<group>";
		};
/* End PBXGroup section */

/* Begin PBXNativeTarget section */
		AABB00232F53AA5000FC8C7E /* aizenTests */ = {
			isa = PBXNativeTarget;
			buildConfigurationList = AABB00242F53AA6000FC8C7E /* Build configuration list for PBXNativeTarget "aizenTests" */;
			buildPhases = (
				AABB00252F53AA7000FC8C7E /* Sources */,
				AABB00222F53AA4000FC8C7E /* Frameworks */,
				AABB00262F53AA8000FC8C7E /* Resources */,
			);
			buildRules = (
			);
			dependencies = (
				AABB00272F53AA9000FC8C7E /* PBXTargetDependency */,
			);
			fileSystemSynchronizedGroups = (
				AABB00212F53AA3000FC8C7E /* aizenTests */,
			);
			name = aizenTests;
			packageProductDependencies = (
				AABB00022F538CD300FC8C7E /* Sparkle */,
			);
			productName = aizenTests;
			productReference = AABB00202F53AA2000FC8C7E /* aizenTests.xctest */;
			productType = "com.apple.product-type.bundle.unit-test";
		};
		DD35CEAA2F537F9700FC8C7E /* aizen */ = {
			isa = PBXNativeTarget;
			buildConfigurationList = DD35CEB62F537F9900FC8C7E /* Build configuration list for PBXNativeTarget "aizen" */;
			buildPhases = (
				DD35CEA72F537F9700FC8C7E /* Sources */,
				DD35CEA82F537F9700FC8C7E /* Frameworks */,
				DD35CEA92F537F9700FC8C7E /* Resources */,
				DD35CF2A2F538CD400FC8C7E /* Embed Foundation Extensions */,
			);
			buildRules = (
			);
			dependencies = (
				DD35CF242F538CD400FC8C7E /* PBXTargetDependency */,
			);
			fileSystemSynchronizedGroups = (
				DD35CEAD2F537F9700FC8C7E /* aizen */,
			);
			name = aizen;
			packageProductDependencies = (
				AABB00022F538CD300FC8C7E /* Sparkle */,
			);
			productName = aizen;
			productReference = DD35CEAB2F537F9700FC8C7E /* aizen.app */;
			productType = "com.apple.product-type.application";
		};
		DD35CF122F538CD200FC8C7E /* aizenWidgetExtension */ = {
			isa = PBXNativeTarget;
			buildConfigurationList = DD35CF272F538CD400FC8C7E /* Build configuration list for PBXNativeTarget "aizenWidgetExtension" */;
			buildPhases = (
				DD35CF0F2F538CD200FC8C7E /* Sources */,
				DD35CF102F538CD200FC8C7E /* Frameworks */,
				DD35CF112F538CD200FC8C7E /* Resources */,
			);
			buildRules = (
			);
			dependencies = (
			);
			fileSystemSynchronizedGroups = (
				DD35CF192F538CD300FC8C7E /* aizenWidget */,
			);
			name = aizenWidgetExtension;
			packageProductDependencies = (
			);
			productName = aizenWidgetExtension;
			productReference = DD35CF132F538CD200FC8C7E /* aizenWidgetExtension.appex */;
			productType = "com.apple.product-type.app-extension";
		};
/* End PBXNativeTarget section */

/* Begin PBXProject section */
		DD35CEA32F537F9700FC8C7E /* Project object */ = {
			isa = PBXProject;
			attributes = {
				BuildIndependentTargetsInParallel = 1;
				LastSwiftUpdateCheck = 2620;
				LastUpgradeCheck = 2620;
				TargetAttributes = {
					AABB00232F53AA5000FC8C7E = {
						CreatedOnToolsVersion = 26.2;
						TestTargetID = DD35CEAA2F537F9700FC8C7E;
					};
					DD35CEAA2F537F9700FC8C7E = {
						CreatedOnToolsVersion = 26.2;
					};
					DD35CF122F538CD200FC8C7E = {
						CreatedOnToolsVersion = 26.2;
					};
				};
			};
			buildConfigurationList = DD35CEA62F537F9700FC8C7E /* Build configuration list for PBXProject "aizen" */;
			developmentRegion = en;
			hasScannedForEncodings = 0;
			knownRegions = (
				en,
				Base,
			);
			mainGroup = DD35CEA22F537F9700FC8C7E;
			minimizedProjectReferenceProxies = 1;
			packageReferences = (
				AABB00032F538CD300FC8C7E /* XCRemoteSwiftPackageReference "Sparkle" */,
			);
			preferredProjectObjectVersion = 77;
			productRefGroup = DD35CEAC2F537F9700FC8C7E /* Products */;
			projectDirPath = "";
			projectRoot = "";
			targets = (
				DD35CEAA2F537F9700FC8C7E /* aizen */,
				DD35CF122F538CD200FC8C7E /* aizenWidgetExtension */,
				AABB00232F53AA5000FC8C7E /* aizenTests */,
			);
		};
/* End PBXProject section */

/* Begin PBXResourcesBuildPhase section */
		AABB00262F53AA8000FC8C7E /* Resources */ = {
			isa = PBXResourcesBuildPhase;
			buildActionMask = 2147483647;
			files = (
			);
			runOnlyForDeploymentPostprocessing = 0;
		};
		DD35CEA92F537F9700FC8C7E /* Resources */ = {
			isa = PBXResourcesBuildPhase;
			buildActionMask = 2147483647;
			files = (
			);
			runOnlyForDeploymentPostprocessing = 0;
		};
		DD35CF112F538CD200FC8C7E /* Resources */ = {
			isa = PBXResourcesBuildPhase;
			buildActionMask = 2147483647;
			files = (
			);
			runOnlyForDeploymentPostprocessing = 0;
		};
/* End PBXResourcesBuildPhase section */

/* Begin PBXSourcesBuildPhase section */
		AABB00252F53AA7000FC8C7E /* Sources */ = {
			isa = PBXSourcesBuildPhase;
			buildActionMask = 2147483647;
			files = (
			);
			runOnlyForDeploymentPostprocessing = 0;
		};
		DD35CEA72F537F9700FC8C7E /* Sources */ = {
			isa = PBXSourcesBuildPhase;
			buildActionMask = 2147483647;
			files = (
			);
			runOnlyForDeploymentPostprocessing = 0;
		};
		DD35CF0F2F538CD200FC8C7E /* Sources */ = {
			isa = PBXSourcesBuildPhase;
			buildActionMask = 2147483647;
			files = (
			);
			runOnlyForDeploymentPostprocessing = 0;
		};
/* End PBXSourcesBuildPhase section */

/* Begin PBXTargetDependency section */
		AABB00272F53AA9000FC8C7E /* PBXTargetDependency */ = {
			isa = PBXTargetDependency;
			target = DD35CEAA2F537F9700FC8C7E /* aizen */;
			targetProxy = AABB00112F53AA1000FC8C7E /* PBXContainerItemProxy */;
		};
		DD35CF242F538CD400FC8C7E /* PBXTargetDependency */ = {
			isa = PBXTargetDependency;
			target = DD35CF122F538CD200FC8C7E /* aizenWidgetExtension */;
			targetProxy = DD35CF232F538CD400FC8C7E /* PBXContainerItemProxy */;
		};
/* End PBXTargetDependency section */

/* Begin XCBuildConfiguration section */
		DD35CEB42F537F9900FC8C7E /* Debug */ = {
			isa = XCBuildConfiguration;
			buildSettings = {
				ALWAYS_SEARCH_USER_PATHS = NO;
				ASSETCATALOG_COMPILER_GENERATE_SWIFT_ASSET_SYMBOL_EXTENSIONS = YES;
				CLANG_ANALYZER_NONNULL = YES;
				CLANG_ANALYZER_NUMBER_OBJECT_CONVERSION = YES_AGGRESSIVE;
				CLANG_CXX_LANGUAGE_STANDARD = "gnu++20";
				CLANG_ENABLE_MODULES = YES;
				CLANG_ENABLE_OBJC_ARC = YES;
				CLANG_ENABLE_OBJC_WEAK = YES;
				CLANG_WARN_BLOCK_CAPTURE_AUTORELEASING = YES;
				CLANG_WARN_BOOL_CONVERSION = YES;
				CLANG_WARN_COMMA = YES;
				CLANG_WARN_CONSTANT_CONVERSION = YES;
				CLANG_WARN_DEPRECATED_OBJC_IMPLEMENTATIONS = YES;
				CLANG_WARN_DIRECT_OBJC_ISA_USAGE = YES_ERROR;
				CLANG_WARN_DOCUMENTATION_COMMENTS = YES;
				CLANG_WARN_EMPTY_BODY = YES;
				CLANG_WARN_ENUM_CONVERSION = YES;
				CLANG_WARN_INFINITE_RECURSION = YES;
				CLANG_WARN_INT_CONVERSION = YES;
				CLANG_WARN_NON_LITERAL_NULL_CONVERSION = YES;
				CLANG_WARN_OBJC_IMPLICIT_RETAIN_SELF = YES;
				CLANG_WARN_OBJC_LITERAL_CONVERSION = YES;
				CLANG_WARN_OBJC_ROOT_CLASS = YES_ERROR;
				CLANG_WARN_QUOTED_INCLUDE_IN_FRAMEWORK_HEADER = YES;
				CLANG_WARN_RANGE_LOOP_ANALYSIS = YES;
				CLANG_WARN_STRICT_PROTOTYPES = YES;
				CLANG_WARN_SUSPICIOUS_MOVE = YES;
				CLANG_WARN_UNGUARDED_AVAILABILITY = YES_AGGRESSIVE;
				CLANG_WARN_UNREACHABLE_CODE = YES;
				CLANG_WARN__DUPLICATE_METHOD_MATCH = YES;
				COPY_PHASE_STRIP = NO;
				DEBUG_INFORMATION_FORMAT = dwarf;
				DEVELOPMENT_TEAM = 7BRH45Z4A8;
				ENABLE_STRICT_OBJC_MSGSEND = YES;
				ENABLE_TESTABILITY = YES;
				ENABLE_USER_SCRIPT_SANDBOXING = YES;
				GCC_C_LANGUAGE_STANDARD = gnu17;
				GCC_DYNAMIC_NO_PIC = NO;
				GCC_NO_COMMON_BLOCKS = YES;
				GCC_OPTIMIZATION_LEVEL = 0;
				GCC_PREPROCESSOR_DEFINITIONS = (
					"DEBUG=1",
					"$(inherited)",
				);
				GCC_WARN_64_TO_32_BIT_CONVERSION = YES;
				GCC_WARN_ABOUT_RETURN_TYPE = YES_ERROR;
				GCC_WARN_UNDECLARED_SELECTOR = YES;
				GCC_WARN_UNINITIALIZED_AUTOS = YES_AGGRESSIVE;
				GCC_WARN_UNUSED_FUNCTION = YES;
				GCC_WARN_UNUSED_VARIABLE = YES;
				LOCALIZATION_PREFERS_STRING_CATALOGS = YES;
				MACOSX_DEPLOYMENT_TARGET = 15.0;
				MTL_ENABLE_DEBUG_INFO = INCLUDE_SOURCE;
				MTL_FAST_MATH = YES;
				ONLY_ACTIVE_ARCH = YES;
				SDKROOT = macosx;
				SWIFT_ACTIVE_COMPILATION_CONDITIONS = "DEBUG $(inherited)";
				SWIFT_OPTIMIZATION_LEVEL = "-Onone";
			};
			name = Debug;
		};
		DD35CEB52F537F9900FC8C7E /* Release */ = {
			isa = XCBuildConfiguration;
			buildSettings = {
				ALWAYS_SEARCH_USER_PATHS = NO;
				ASSETCATALOG_COMPILER_GENERATE_SWIFT_ASSET_SYMBOL_EXTENSIONS = YES;
				CLANG_ANALYZER_NONNULL = YES;
				CLANG_ANALYZER_NUMBER_OBJECT_CONVERSION = YES_AGGRESSIVE;
				CLANG_CXX_LANGUAGE_STANDARD = "gnu++20";
				CLANG_ENABLE_MODULES = YES;
				CLANG_ENABLE_OBJC_ARC = YES;
				CLANG_ENABLE_OBJC_WEAK = YES;
				CLANG_WARN_BLOCK_CAPTURE_AUTORELEASING = YES;
				CLANG_WARN_BOOL_CONVERSION = YES;
				CLANG_WARN_COMMA = YES;
				CLANG_WARN_CONSTANT_CONVERSION = YES;
				CLANG_WARN_DEPRECATED_OBJC_IMPLEMENTATIONS = YES;
				CLANG_WARN_DIRECT_OBJC_ISA_USAGE = YES_ERROR;
				CLANG_WARN_DOCUMENTATION_COMMENTS = YES;
				CLANG_WARN_EMPTY_BODY = YES;
				CLANG_WARN_ENUM_CONVERSION = YES;
				CLANG_WARN_INFINITE_RECURSION = YES;
				CLANG_WARN_INT_CONVERSION = YES;
				CLANG_WARN_NON_LITERAL_NULL_CONVERSION = YES;
				CLANG_WARN_OBJC_IMPLICIT_RETAIN_SELF = YES;
				CLANG_WARN_OBJC_LITERAL_CONVERSION = YES;
				CLANG_WARN_OBJC_ROOT_CLASS = YES_ERROR;
				CLANG_WARN_QUOTED_INCLUDE_IN_FRAMEWORK_HEADER = YES;
				CLANG_WARN_RANGE_LOOP_ANALYSIS = YES;
				CLANG_WARN_STRICT_PROTOTYPES = YES;
				CLANG_WARN_SUSPICIOUS_MOVE = YES;
				CLANG_WARN_UNGUARDED_AVAILABILITY = YES_AGGRESSIVE;
				CLANG_WARN_UNREACHABLE_CODE = YES;
				CLANG_WARN__DUPLICATE_METHOD_MATCH = YES;
				COPY_PHASE_STRIP = NO;
				DEBUG_INFORMATION_FORMAT = "dwarf-with-dsym";
				DEVELOPMENT_TEAM = 7BRH45Z4A8;
				ENABLE_NS_ASSERTIONS = NO;
				ENABLE_STRICT_OBJC_MSGSEND = YES;
				ENABLE_USER_SCRIPT_SANDBOXING = YES;
				GCC_C_LANGUAGE_STANDARD = gnu17;
				GCC_NO_COMMON_BLOCKS = YES;
				GCC_WARN_64_TO_32_BIT_CONVERSION = YES;
				GCC_WARN_ABOUT_RETURN_TYPE = YES_ERROR;
				GCC_WARN_UNDECLARED_SELECTOR = YES;
				GCC_WARN_UNINITIALIZED_AUTOS = YES_AGGRESSIVE;
				GCC_WARN_UNUSED_FUNCTION = YES;
				GCC_WARN_UNUSED_VARIABLE = YES;
				LOCALIZATION_PREFERS_STRING_CATALOGS = YES;
				MACOSX_DEPLOYMENT_TARGET = 15.0;
				MTL_ENABLE_DEBUG_INFO = NO;
				MTL_FAST_MATH = YES;
				SDKROOT = macosx;
				SWIFT_COMPILATION_MODE = wholemodule;
			};
			name = Release;
		};
		DD35CEB72F537F9900FC8C7E /* Debug */ = {
			isa = XCBuildConfiguration;
			buildSettings = {
				ASSETCATALOG_COMPILER_APPICON_NAME = AppIcon;
				ASSETCATALOG_COMPILER_GLOBAL_ACCENT_COLOR_NAME = AccentColor;
				CODE_SIGN_ENTITLEMENTS = aizen/aizen.entitlements;
				CODE_SIGN_STYLE = Automatic;
				COMBINE_HIDPI_IMAGES = YES;
				CURRENT_PROJECT_VERSION = 1;
				DEVELOPMENT_TEAM = 7BRH45Z4A8;
				ENABLE_APP_SANDBOX = NO;
				ENABLE_HARDENED_RUNTIME = YES;
				ENABLE_PREVIEWS = YES;
				ENABLE_USER_SELECTED_FILES = readonly;
				GENERATE_INFOPLIST_FILE = NO;
				INFOPLIST_FILE = aizen/Info.plist;
				LD_RUNPATH_SEARCH_PATHS = (
					"$(inherited)",
					"@executable_path/../Frameworks",
				);
				MACOSX_DEPLOYMENT_TARGET = 15.0;
				MARKETING_VERSION = 1.0;
				PRODUCT_BUNDLE_IDENTIFIER = com.benrostudios.aizen;
				PRODUCT_NAME = "$(TARGET_NAME)";
				REGISTER_APP_GROUPS = YES;
				STRING_CATALOG_GENERATE_SYMBOLS = YES;
				SWIFT_APPROACHABLE_CONCURRENCY = YES;
				SWIFT_DEFAULT_ACTOR_ISOLATION = MainActor;
				SWIFT_EMIT_LOC_STRINGS = YES;
				SWIFT_UPCOMING_FEATURE_MEMBER_IMPORT_VISIBILITY = YES;
				SWIFT_VERSION = 5.0;
			};
			name = Debug;
		};
	DD35CEB82F537F9900FC8C7E /* Release */ = {
		isa = XCBuildConfiguration;
		buildSettings = {
			ASSETCATALOG_COMPILER_APPICON_NAME = AppIcon;
			ASSETCATALOG_COMPILER_GLOBAL_ACCENT_COLOR_NAME = AccentColor;
			CODE_SIGN_ENTITLEMENTS = aizen/aizen.entitlements;
			CODE_SIGN_STYLE = Automatic;
			COMBINE_HIDPI_IMAGES = YES;
			CURRENT_PROJECT_VERSION = 1;
			DEVELOPMENT_TEAM = 7BRH45Z4A8;
			ENABLE_APP_SANDBOX = NO;
			ENABLE_HARDENED_RUNTIME = YES;
			ENABLE_PREVIEWS = YES;
			ENABLE_USER_SELECTED_FILES = readonly;
			GENERATE_INFOPLIST_FILE = NO;
			INFOPLIST_FILE = aizen/Info.plist;
			LD_RUNPATH_SEARCH_PATHS = (
				"$(inherited)",
				"@executable_path/../Frameworks",
			);
			MACOSX_DEPLOYMENT_TARGET = 15.0;
			MARKETING_VERSION = 1.0;
			PRODUCT_BUNDLE_IDENTIFIER = com.benrostudios.aizen;
			PRODUCT_NAME = "$(TARGET_NAME)";
			REGISTER_APP_GROUPS = YES;
			STRING_CATALOG_GENERATE_SYMBOLS = YES;
			SWIFT_APPROACHABLE_CONCURRENCY = YES;
			SWIFT_DEFAULT_ACTOR_ISOLATION = MainActor;
			SWIFT_EMIT_LOC_STRINGS = YES;
			SWIFT_UPCOMING_FEATURE_MEMBER_IMPORT_VISIBILITY = YES;
			SWIFT_VERSION = 5.0;
		};
		name = Release;
	};
		AABB00282F53AAB000FC8C7E /* Debug */ = {
			isa = XCBuildConfiguration;
			buildSettings = {
				BUNDLE_LOADER = "$(TEST_HOST)";
				CODE_SIGN_STYLE = Automatic;
				CURRENT_PROJECT_VERSION = 1;
				DEVELOPMENT_TEAM = 7BRH45Z4A8;
				GENERATE_INFOPLIST_FILE = YES;
				MACOSX_DEPLOYMENT_TARGET = 15.0;
				MARKETING_VERSION = 1.0;
				PRODUCT_BUNDLE_IDENTIFIER = com.benrostudios.aizen.aizenTests;
				PRODUCT_NAME = "$(TARGET_NAME)";
				SWIFT_APPROACHABLE_CONCURRENCY = YES;
				SWIFT_DEFAULT_ACTOR_ISOLATION = MainActor;
				SWIFT_EMIT_LOC_STRINGS = NO;
				SWIFT_VERSION = 5.0;
				TEST_HOST = "$(BUILT_PRODUCTS_DIR)/aizen.app/$(BUNDLE_EXECUTABLE_FOLDER_PATH)/aizen";
			};
			name = Debug;
		};
		AABB00292F53AAC000FC8C7E /* Release */ = {
			isa = XCBuildConfiguration;
			buildSettings = {
				BUNDLE_LOADER = "$(TEST_HOST)";
				CODE_SIGN_STYLE = Automatic;
				CURRENT_PROJECT_VERSION = 1;
				DEVELOPMENT_TEAM = 7BRH45Z4A8;
				GENERATE_INFOPLIST_FILE = YES;
				MACOSX_DEPLOYMENT_TARGET = 15.0;
				MARKETING_VERSION = 1.0;
				PRODUCT_BUNDLE_IDENTIFIER = com.benrostudios.aizen.aizenTests;
				PRODUCT_NAME = "$(TARGET_NAME)";
				SWIFT_APPROACHABLE_CONCURRENCY = YES;
				SWIFT_DEFAULT_ACTOR_ISOLATION = MainActor;
				SWIFT_EMIT_LOC_STRINGS = NO;
				SWIFT_VERSION = 5.0;
				TEST_HOST = "$(BUILT_PRODUCTS_DIR)/aizen.app/$(BUNDLE_EXECUTABLE_FOLDER_PATH)/aizen";
			};
			name = Release;
		};
		DD35CF282F538CD400FC8C7E /* Debug */ = {
			isa = XCBuildConfiguration;
			buildSettings = {
				ASSETCATALOG_COMPILER_GLOBAL_ACCENT_COLOR_NAME = AccentColor;
				ASSETCATALOG_COMPILER_WIDGET_BACKGROUND_COLOR_NAME = WidgetBackground;
				CODE_SIGN_ENTITLEMENTS = aizenWidget/aizenWidget.entitlements;
				CODE_SIGN_STYLE = Automatic;
				CURRENT_PROJECT_VERSION = 1;
				DEVELOPMENT_TEAM = 7BRH45Z4A8;
				ENABLE_APP_SANDBOX = YES;
				ENABLE_HARDENED_RUNTIME = YES;
				GENERATE_INFOPLIST_FILE = YES;
				INFOPLIST_FILE = aizenWidget/Info.plist;
				INFOPLIST_KEY_CFBundleDisplayName = aizenWidget;
				INFOPLIST_KEY_NSHumanReadableCopyright = "";
				LD_RUNPATH_SEARCH_PATHS = (
					"$(inherited)",
					"@executable_path/../Frameworks",
					"@executable_path/../../../../Frameworks",
				);
				MACOSX_DEPLOYMENT_TARGET = 15.0;
				MARKETING_VERSION = 1.0;
				PRODUCT_BUNDLE_IDENTIFIER = com.benrostudios.aizen.aizenWidget;
				PRODUCT_NAME = "$(TARGET_NAME)";
				REGISTER_APP_GROUPS = YES;
				SKIP_INSTALL = YES;
				STRING_CATALOG_GENERATE_SYMBOLS = YES;
				SWIFT_APPROACHABLE_CONCURRENCY = YES;
				SWIFT_EMIT_LOC_STRINGS = YES;
				SWIFT_UPCOMING_FEATURE_MEMBER_IMPORT_VISIBILITY = YES;
				SWIFT_VERSION = 5.0;
			};
			name = Debug;
		};
		DD35CF292F538CD400FC8C7E /* Release */ = {
			isa = XCBuildConfiguration;
			buildSettings = {
				ASSETCATALOG_COMPILER_GLOBAL_ACCENT_COLOR_NAME = AccentColor;
				ASSETCATALOG_COMPILER_WIDGET_BACKGROUND_COLOR_NAME = WidgetBackground;
				CODE_SIGN_ENTITLEMENTS = aizenWidget/aizenWidget.entitlements;
				CODE_SIGN_STYLE = Automatic;
				CURRENT_PROJECT_VERSION = 1;
				DEVELOPMENT_TEAM = 7BRH45Z4A8;
				ENABLE_APP_SANDBOX = YES;
				ENABLE_HARDENED_RUNTIME = YES;
				GENERATE_INFOPLIST_FILE = YES;
				INFOPLIST_FILE = aizenWidget/Info.plist;
				INFOPLIST_KEY_CFBundleDisplayName = aizenWidget;
				INFOPLIST_KEY_NSHumanReadableCopyright = "";
				LD_RUNPATH_SEARCH_PATHS = (
					"$(inherited)",
					"@executable_path/../Frameworks",
					"@executable_path/../../../../Frameworks",
				);
				MACOSX_DEPLOYMENT_TARGET = 15.0;
				MARKETING_VERSION = 1.0;
				PRODUCT_BUNDLE_IDENTIFIER = com.benrostudios.aizen.aizenWidget;
				PRODUCT_NAME = "$(TARGET_NAME)";
				REGISTER_APP_GROUPS = YES;
				SKIP_INSTALL = YES;
				STRING_CATALOG_GENERATE_SYMBOLS = YES;
				SWIFT_APPROACHABLE_CONCURRENCY = YES;
				SWIFT_EMIT_LOC_STRINGS = YES;
				SWIFT_UPCOMING_FEATURE_MEMBER_IMPORT_VISIBILITY = YES;
				SWIFT_VERSION = 5.0;
			};
			name = Release;
		};
/* End XCBuildConfiguration section */

/* Begin XCConfigurationList section */
		AABB00242F53AA6000FC8C7E /* Build configuration list for PBXNativeTarget "aizenTests" */ = {
			isa = XCConfigurationList;
			buildConfigurations = (
				AABB00282F53AAB000FC8C7E /* Debug */,
				AABB00292F53AAC000FC8C7E /* Release */,
			);
			defaultConfigurationIsVisible = 0;
			defaultConfigurationName = Release;
		};
		DD35CEA62F537F9700FC8C7E /* Build configuration list for PBXProject "aizen" */ = {
			isa = XCConfigurationList;
			buildConfigurations = (
				DD35CEB42F537F9900FC8C7E /* Debug */,
				DD35CEB52F537F9900FC8C7E /* Release */,
			);
			defaultConfigurationIsVisible = 0;
			defaultConfigurationName = Release;
		};
		DD35CEB62F537F9900FC8C7E /* Build configuration list for PBXNativeTarget "aizen" */ = {
			isa = XCConfigurationList;
			buildConfigurations = (
				DD35CEB72F537F9900FC8C7E /* Debug */,
				DD35CEB82F537F9900FC8C7E /* Release */,
			);
			defaultConfigurationIsVisible = 0;
			defaultConfigurationName = Release;
		};
		DD35CF272F538CD400FC8C7E /* Build configuration list for PBXNativeTarget "aizenWidgetExtension" */ = {
			isa = XCConfigurationList;
			buildConfigurations = (
				DD35CF282F538CD400FC8C7E /* Debug */,
				DD35CF292F538CD400FC8C7E /* Release */,
			);
			defaultConfigurationIsVisible = 0;
			defaultConfigurationName = Release;
		};
/* End XCConfigurationList section */

/* Begin XCRemoteSwiftPackageReference section */
		AABB00032F538CD300FC8C7E /* XCRemoteSwiftPackageReference "Sparkle" */ = {
			isa = XCRemoteSwiftPackageReference;
			repositoryURL = "https://github.com/sparkle-project/Sparkle";
			requirement = {
				kind = upToNextMajorVersion;
				minimumVersion = 2.0.0;
			};
		};
/* End XCRemoteSwiftPackageReference section */

/* Begin XCSwiftPackageProductDependency section */
		AABB00022F538CD300FC8C7E /* Sparkle */ = {
			isa = XCSwiftPackageProductDependency;
			package = AABB00032F538CD300FC8C7E /* XCRemoteSwiftPackageReference "Sparkle" */;
			productName = Sparkle;
		};
/* End XCSwiftPackageProductDependency section */
	};
	rootObject = DD35CEA32F537F9700FC8C7E /* Project object */;
}
